// !$*UTF8*$!
{
	archiveVersion = 1;
	classes = {
	};
	objectVersion = 42;
	objects = {

/* Begin PBXBuildFile section */
		2838C36C187AFCEC0071BD66 /* draw.frag in Sources */ = {isa = PBXBuildFile; fileRef = 2838C368187AFCEC0071BD66 /* draw.frag */; };
		2838C36D187AFCEC0071BD66 /* draw.vert in Sources */ = {isa = PBXBuildFile; fileRef = 2838C369187AFCEC0071BD66 /* draw.vert */; };
		2838C36E187AFCEC0071BD66 /* update.frag in Sources */ = {isa = PBXBuildFile; fileRef = 2838C36A187AFCEC0071BD66 /* update.frag */; };
		2838C36F187AFCEC0071BD66 /* update.vert in Sources */ = {isa = PBXBuildFile; fileRef = 2838C36B187AFCEC0071BD66 /* update.vert */; };
		900ddedcfe3faf10c3318d7c9de2fdbe /* GpuParticles.cpp in Sources */ = {isa = PBXBuildFile; fileRef = f023988bfe9b8d4b44299a5e8f60ef3a /* GpuParticles.cpp */; };
		BBAB23CB13894F3D00AA2426 /* GLUT.framework in CopyFiles */ = {isa = PBXBuildFile; fileRef = BBAB23BE13894E4700AA2426 /* GLUT.framework */; };
		C69B09E719463AD400E4ADBF /* ftDrawForce.cpp in Sources */ = {isa = PBXBuildFile; fileRef = C69B09B119463AD400E4ADBF /* ftDrawForce.cpp */; };
		C69B09E819463AD400E4ADBF /* ftFluidSimulation.cpp in Sources */ = {isa = PBXBuildFile; fileRef = C69B09BF19463AD400E4ADBF /* ftFluidSimulation.cpp */; };
		C69B09E919463AD400E4ADBF /* ftVelocityMask.cpp in Sources */ = {isa = PBXBuildFile; fileRef = C69B09CA19463AD400E4ADBF /* ftVelocityMask.cpp */; };
		C69B09EA19463AD400E4ADBF /* ftOpticalFlow.cpp in Sources */ = {isa = PBXBuildFile; fileRef = C69B09CF19463AD400E4ADBF /* ftOpticalFlow.cpp */; };
		C69B09EB19463AD400E4ADBF /* ftParticleFlow.cpp in Sources */ = {isa = PBXBuildFile; fileRef = C69B09D719463AD400E4ADBF /* ftParticleFlow.cpp */; };
		C69B0A111946719600E4ADBF /* flowToolsApp.cpp in Sources */ = {isa = PBXBuildFile; fileRef = C69B0A101946719600E4ADBF /* flowToolsApp.cpp */; };
		C69B0A25194671CF00E4ADBF /* ofxBaseGui.cpp in Sources */ = {isa = PBXBuildFile; fileRef = C69B0A14194671CF00E4ADBF /* ofxBaseGui.cpp */; };
		C69B0A26194671CF00E4ADBF /* ofxButton.cpp in Sources */ = {isa = PBXBuildFile; fileRef = C69B0A16194671CF00E4ADBF /* ofxButton.cpp */; };
		C69B0A27194671CF00E4ADBF /* ofxGuiGroup.cpp in Sources */ = {isa = PBXBuildFile; fileRef = C69B0A19194671CF00E4ADBF /* ofxGuiGroup.cpp */; };
		C69B0A28194671CF00E4ADBF /* ofxLabel.cpp in Sources */ = {isa = PBXBuildFile; fileRef = C69B0A1B194671CF00E4ADBF /* ofxLabel.cpp */; };
		C69B0A29194671CF00E4ADBF /* ofxPanel.cpp in Sources */ = {isa = PBXBuildFile; fileRef = C69B0A1D194671CF00E4ADBF /* ofxPanel.cpp */; };
		C69B0A2A194671CF00E4ADBF /* ofxSlider.cpp in Sources */ = {isa = PBXBuildFile; fileRef = C69B0A1F194671CF00E4ADBF /* ofxSlider.cpp */; };
		C69B0A2B194671CF00E4ADBF /* ofxSliderGroup.cpp in Sources */ = {isa = PBXBuildFile; fileRef = C69B0A21194671CF00E4ADBF /* ofxSliderGroup.cpp */; };
		C69B0A2C194671CF00E4ADBF /* ofxToggle.cpp in Sources */ = {isa = PBXBuildFile; fileRef = C69B0A23194671CF00E4ADBF /* ofxToggle.cpp */; };
		E4328149138ABC9F0047C5CB /* openFrameworksDebug.a in Frameworks */ = {isa = PBXBuildFile; fileRef = E4328148138ABC890047C5CB /* openFrameworksDebug.a */; };
		E45BE97B0E8CC7DD009D7055 /* AGL.framework in Frameworks */ = {isa = PBXBuildFile; fileRef = E45BE9710E8CC7DD009D7055 /* AGL.framework */; };
		E45BE97C0E8CC7DD009D7055 /* ApplicationServices.framework in Frameworks */ = {isa = PBXBuildFile; fileRef = E45BE9720E8CC7DD009D7055 /* ApplicationServices.framework */; };
		E45BE97D0E8CC7DD009D7055 /* AudioToolbox.framework in Frameworks */ = {isa = PBXBuildFile; fileRef = E45BE9730E8CC7DD009D7055 /* AudioToolbox.framework */; };
		E45BE97E0E8CC7DD009D7055 /* Carbon.framework in Frameworks */ = {isa = PBXBuildFile; fileRef = E45BE9740E8CC7DD009D7055 /* Carbon.framework */; };
		E45BE97F0E8CC7DD009D7055 /* CoreAudio.framework in Frameworks */ = {isa = PBXBuildFile; fileRef = E45BE9750E8CC7DD009D7055 /* CoreAudio.framework */; };
		E45BE9800E8CC7DD009D7055 /* CoreFoundation.framework in Frameworks */ = {isa = PBXBuildFile; fileRef = E45BE9760E8CC7DD009D7055 /* CoreFoundation.framework */; };
		E45BE9810E8CC7DD009D7055 /* CoreServices.framework in Frameworks */ = {isa = PBXBuildFile; fileRef = E45BE9770E8CC7DD009D7055 /* CoreServices.framework */; };
		E45BE9830E8CC7DD009D7055 /* OpenGL.framework in Frameworks */ = {isa = PBXBuildFile; fileRef = E45BE9790E8CC7DD009D7055 /* OpenGL.framework */; };
		E45BE9840E8CC7DD009D7055 /* QuickTime.framework in Frameworks */ = {isa = PBXBuildFile; fileRef = E45BE97A0E8CC7DD009D7055 /* QuickTime.framework */; };
		E4B69E200A3A1BDC003C02F2 /* main.cpp in Sources */ = {isa = PBXBuildFile; fileRef = E4B69E1D0A3A1BDC003C02F2 /* main.cpp */; };
		E4B69E210A3A1BDC003C02F2 /* testApp.cpp in Sources */ = {isa = PBXBuildFile; fileRef = E4B69E1E0A3A1BDC003C02F2 /* testApp.cpp */; };
		E4C2424710CC5A17004149E2 /* AppKit.framework in Frameworks */ = {isa = PBXBuildFile; fileRef = E4C2424410CC5A17004149E2 /* AppKit.framework */; };
		E4C2424810CC5A17004149E2 /* Cocoa.framework in Frameworks */ = {isa = PBXBuildFile; fileRef = E4C2424510CC5A17004149E2 /* Cocoa.framework */; };
		E4C2424910CC5A17004149E2 /* IOKit.framework in Frameworks */ = {isa = PBXBuildFile; fileRef = E4C2424610CC5A17004149E2 /* IOKit.framework */; };
		E4EB6799138ADC1D00A09F29 /* GLUT.framework in Frameworks */ = {isa = PBXBuildFile; fileRef = BBAB23BE13894E4700AA2426 /* GLUT.framework */; };
		E7E077E515D3B63C0020DFD4 /* CoreVideo.framework in Frameworks */ = {isa = PBXBuildFile; fileRef = E7E077E415D3B63C0020DFD4 /* CoreVideo.framework */; };
		E7E077E815D3B6510020DFD4 /* QTKit.framework in Frameworks */ = {isa = PBXBuildFile; fileRef = E7E077E715D3B6510020DFD4 /* QTKit.framework */; };
		E7F985F815E0DEA3003869B5 /* Accelerate.framework in Frameworks */ = {isa = PBXBuildFile; fileRef = E7F985F515E0DE99003869B5 /* Accelerate.framework */; };
/* End PBXBuildFile section */

/* Begin PBXContainerItemProxy section */
		E4328147138ABC890047C5CB /* PBXContainerItemProxy */ = {
			isa = PBXContainerItemProxy;
			containerPortal = E4328143138ABC890047C5CB /* openFrameworksLib.xcodeproj */;
			proxyType = 2;
			remoteGlobalIDString = E4B27C1510CBEB8E00536013;
			remoteInfo = openFrameworks;
		};
		E4EEB9AB138B136A00A80321 /* PBXContainerItemProxy */ = {
			isa = PBXContainerItemProxy;
			containerPortal = E4328143138ABC890047C5CB /* openFrameworksLib.xcodeproj */;
			proxyType = 1;
			remoteGlobalIDString = E4B27C1410CBEB8E00536013;
			remoteInfo = openFrameworks;
		};
/* End PBXContainerItemProxy section */

/* Begin PBXCopyFilesBuildPhase section */
		E4C2427710CC5ABF004149E2 /* CopyFiles */ = {
			isa = PBXCopyFilesBuildPhase;
			buildActionMask = 2147483647;
			dstPath = "";
			dstSubfolderSpec = 10;
			files = (
				BBAB23CB13894F3D00AA2426 /* GLUT.framework in CopyFiles */,
			);
			runOnlyForDeploymentPostprocessing = 0;
		};
/* End PBXCopyFilesBuildPhase section */

/* Begin PBXFileReference section */
		0d69749dc16a63170fe23709463ce4f2 /* GpuParticles.h */ = {isa = PBXFileReference; explicitFileType = sourcecode.c.h; fileEncoding = 30; name = GpuParticles.h; path = ../../../addons/ofxGpuParticles/src/GpuParticles.h; sourceTree = SOURCE_ROOT; };
		2838C368187AFCEC0071BD66 /* draw.frag */ = {isa = PBXFileReference; fileEncoding = 4; lastKnownFileType = sourcecode.glsl; name = draw.frag; path = bin/data/draw.frag; sourceTree = SOURCE_ROOT; };
		2838C369187AFCEC0071BD66 /* draw.vert */ = {isa = PBXFileReference; fileEncoding = 4; lastKnownFileType = sourcecode.glsl; name = draw.vert; path = bin/data/draw.vert; sourceTree = SOURCE_ROOT; };
		2838C36A187AFCEC0071BD66 /* update.frag */ = {isa = PBXFileReference; fileEncoding = 4; lastKnownFileType = sourcecode.glsl; name = update.frag; path = bin/data/update.frag; sourceTree = SOURCE_ROOT; };
		2838C36B187AFCEC0071BD66 /* update.vert */ = {isa = PBXFileReference; fileEncoding = 4; lastKnownFileType = sourcecode.glsl; name = update.vert; path = bin/data/update.vert; sourceTree = SOURCE_ROOT; };
		40562a1ac8141eeae8de9fd6b425271b /* ofxGpuParticles.h */ = {isa = PBXFileReference; explicitFileType = sourcecode.c.h; fileEncoding = 30; name = ofxGpuParticles.h; path = ../../../addons/ofxGpuParticles/src/ofxGpuParticles.h; sourceTree = SOURCE_ROOT; };
		BBAB23BE13894E4700AA2426 /* GLUT.framework */ = {isa = PBXFileReference; lastKnownFileType = wrapper.framework; name = GLUT.framework; path = ../../../libs/glut/lib/osx/GLUT.framework; sourceTree = "<group>"; };
		C69B09B119463AD400E4ADBF /* ftDrawForce.cpp */ = {isa = PBXFileReference; lastKnownFileType = sourcecode.cpp.cpp; path = ftDrawForce.cpp; sourceTree = "<group>"; };
		C69B09B219463AD400E4ADBF /* ftDrawForce.h */ = {isa = PBXFileReference; lastKnownFileType = sourcecode.c.h; path = ftDrawForce.h; sourceTree = "<group>"; };
		C69B09B319463AD400E4ADBF /* ftDrawForceShader.h */ = {isa = PBXFileReference; lastKnownFileType = sourcecode.c.h; path = ftDrawForceShader.h; sourceTree = "<group>"; };
		C69B09B519463AD400E4ADBF /* ftContrastShader.h */ = {isa = PBXFileReference; lastKnownFileType = sourcecode.c.h; path = ftContrastShader.h; sourceTree = "<group>"; };
		C69B09B619463AD400E4ADBF /* ftEOGShader.h */ = {isa = PBXFileReference; lastKnownFileType = sourcecode.c.h; path = ftEOGShader.h; sourceTree = "<group>"; };
		C69B09B719463AD400E4ADBF /* ftGaussianBlurShader.h */ = {isa = PBXFileReference; lastKnownFileType = sourcecode.c.h; path = ftGaussianBlurShader.h; sourceTree = "<group>"; };
		C69B09B819463AD400E4ADBF /* ftHSLShader.h */ = {isa = PBXFileReference; lastKnownFileType = sourcecode.c.h; path = ftHSLShader.h; sourceTree = "<group>"; };
		C69B09B919463AD400E4ADBF /* ftLuminanceShader.h */ = {isa = PBXFileReference; lastKnownFileType = sourcecode.c.h; path = ftLuminanceShader.h; sourceTree = "<group>"; };
		C69B09BA19463AD400E4ADBF /* ftTimeBlurShader.h */ = {isa = PBXFileReference; lastKnownFileType = sourcecode.c.h; path = ftTimeBlurShader.h; sourceTree = "<group>"; };
		C69B09BC19463AD400E4ADBF /* ftAdvectShader.h */ = {isa = PBXFileReference; lastKnownFileType = sourcecode.c.h; path = ftAdvectShader.h; sourceTree = "<group>"; };
		C69B09BD19463AD400E4ADBF /* ftDiffuseShader.h */ = {isa = PBXFileReference; lastKnownFileType = sourcecode.c.h; path = ftDiffuseShader.h; sourceTree = "<group>"; };
		C69B09BE19463AD400E4ADBF /* ftDivergenceShader.h */ = {isa = PBXFileReference; lastKnownFileType = sourcecode.c.h; path = ftDivergenceShader.h; sourceTree = "<group>"; };
		C69B09BF19463AD400E4ADBF /* ftFluidSimulation.cpp */ = {isa = PBXFileReference; lastKnownFileType = sourcecode.cpp.cpp; path = ftFluidSimulation.cpp; sourceTree = "<group>"; };
		C69B09C019463AD400E4ADBF /* ftFluidSimulation.h */ = {isa = PBXFileReference; lastKnownFileType = sourcecode.c.h; path = ftFluidSimulation.h; sourceTree = "<group>"; };
		C69B09C119463AD400E4ADBF /* ftJacobiShader.h */ = {isa = PBXFileReference; lastKnownFileType = sourcecode.c.h; path = ftJacobiShader.h; sourceTree = "<group>"; };
		C69B09C219463AD400E4ADBF /* ftSmokeBuoyancyShader.h */ = {isa = PBXFileReference; lastKnownFileType = sourcecode.c.h; path = ftSmokeBuoyancyShader.h; sourceTree = "<group>"; };
		C69B09C319463AD400E4ADBF /* ftSubstractGradientShader.h */ = {isa = PBXFileReference; lastKnownFileType = sourcecode.c.h; path = ftSubstractGradientShader.h; sourceTree = "<group>"; };
		C69B09C419463AD400E4ADBF /* ftVorticityFirstPassShader.h */ = {isa = PBXFileReference; lastKnownFileType = sourcecode.c.h; path = ftVorticityFirstPassShader.h; sourceTree = "<group>"; };
		C69B09C519463AD400E4ADBF /* ftVorticitySecondPassShader.h */ = {isa = PBXFileReference; lastKnownFileType = sourcecode.c.h; path = ftVorticitySecondPassShader.h; sourceTree = "<group>"; };
		C69B09C619463AD400E4ADBF /* ftFbo.h */ = {isa = PBXFileReference; lastKnownFileType = sourcecode.c.h; path = ftFbo.h; sourceTree = "<group>"; };
		C69B09C719463AD400E4ADBF /* ftShader.h */ = {isa = PBXFileReference; lastKnownFileType = sourcecode.c.h; path = ftShader.h; sourceTree = "<group>"; };
		C69B09C819463AD400E4ADBF /* ftSwapBuffer.h */ = {isa = PBXFileReference; lastKnownFileType = sourcecode.c.h; path = ftSwapBuffer.h; sourceTree = "<group>"; };
		C69B09CA19463AD400E4ADBF /* ftVelocityMask.cpp */ = {isa = PBXFileReference; lastKnownFileType = sourcecode.cpp.cpp; path = ftVelocityMask.cpp; sourceTree = "<group>"; };
		C69B09CB19463AD400E4ADBF /* ftVelocityMask.h */ = {isa = PBXFileReference; lastKnownFileType = sourcecode.c.h; path = ftVelocityMask.h; sourceTree = "<group>"; };
		C69B09CC19463AD400E4ADBF /* ftVelocityMaskShader.h */ = {isa = PBXFileReference; lastKnownFileType = sourcecode.c.h; path = ftVelocityMaskShader.h; sourceTree = "<group>"; };
		C69B09CD19463AD400E4ADBF /* ofxFlowTools.h */ = {isa = PBXFileReference; lastKnownFileType = sourcecode.c.h; path = ofxFlowTools.h; sourceTree = "<group>"; };
		C69B09CF19463AD400E4ADBF /* ftOpticalFlow.cpp */ = {isa = PBXFileReference; lastKnownFileType = sourcecode.cpp.cpp; path = ftOpticalFlow.cpp; sourceTree = "<group>"; };
		C69B09D019463AD400E4ADBF /* ftOpticalFlow.h */ = {isa = PBXFileReference; lastKnownFileType = sourcecode.c.h; path = ftOpticalFlow.h; sourceTree = "<group>"; };
		C69B09D119463AD400E4ADBF /* ftOpticalFlowShader.h */ = {isa = PBXFileReference; lastKnownFileType = sourcecode.c.h; path = ftOpticalFlowShader.h; sourceTree = "<group>"; };
		C69B09D319463AD400E4ADBF /* ftAgeLifespanMassSizeParticleShader.h */ = {isa = PBXFileReference; lastKnownFileType = sourcecode.c.h; path = ftAgeLifespanMassSizeParticleShader.h; sourceTree = "<group>"; };
		C69B09D419463AD400E4ADBF /* ftDrawParticleShader.h */ = {isa = PBXFileReference; lastKnownFileType = sourcecode.c.h; path = ftDrawParticleShader.h; sourceTree = "<group>"; };
		C69B09D519463AD400E4ADBF /* ftInitPositionShader.h */ = {isa = PBXFileReference; lastKnownFileType = sourcecode.c.h; path = ftInitPositionShader.h; sourceTree = "<group>"; };
		C69B09D619463AD400E4ADBF /* ftMoveParticleShader.h */ = {isa = PBXFileReference; lastKnownFileType = sourcecode.c.h; path = ftMoveParticleShader.h; sourceTree = "<group>"; };
		C69B09D719463AD400E4ADBF /* ftParticleFlow.cpp */ = {isa = PBXFileReference; lastKnownFileType = sourcecode.cpp.cpp; path = ftParticleFlow.cpp; sourceTree = "<group>"; };
		C69B09D819463AD400E4ADBF /* ftParticleFlow.h */ = {isa = PBXFileReference; lastKnownFileType = sourcecode.c.h; path = ftParticleFlow.h; sourceTree = "<group>"; };
		C69B09DA19463AD400E4ADBF /* ftAddForceShader.h */ = {isa = PBXFileReference; lastKnownFileType = sourcecode.c.h; path = ftAddForceShader.h; sourceTree = "<group>"; };
		C69B09DB19463AD400E4ADBF /* ftClampLengthShader.h */ = {isa = PBXFileReference; lastKnownFileType = sourcecode.c.h; path = ftClampLengthShader.h; sourceTree = "<group>"; };
		C69B09DC19463AD400E4ADBF /* ftDensityFloatMultiplier.h */ = {isa = PBXFileReference; lastKnownFileType = sourcecode.c.h; path = ftDensityFloatMultiplier.h; sourceTree = "<group>"; };
		C69B09DD19463AD400E4ADBF /* ftDensityVec2Multiplier.h */ = {isa = PBXFileReference; lastKnownFileType = sourcecode.c.h; path = ftDensityVec2Multiplier.h; sourceTree = "<group>"; };
		C69B09DE19463AD400E4ADBF /* ftToScalar.h */ = {isa = PBXFileReference; lastKnownFileType = sourcecode.c.h; path = ftToScalar.h; sourceTree = "<group>"; };
		C69B09DF19463AD400E4ADBF /* ftToScalarShader.h */ = {isa = PBXFileReference; lastKnownFileType = sourcecode.c.h; path = ftToScalarShader.h; sourceTree = "<group>"; };
		C69B09E119463AD400E4ADBF /* ftDisplayScalar.h */ = {isa = PBXFileReference; lastKnownFileType = sourcecode.c.h; path = ftDisplayScalar.h; sourceTree = "<group>"; };
		C69B09E219463AD400E4ADBF /* ftDisplayScalarShader.h */ = {isa = PBXFileReference; lastKnownFileType = sourcecode.c.h; path = ftDisplayScalarShader.h; sourceTree = "<group>"; };
		C69B09E319463AD400E4ADBF /* ftTemperatureField.h */ = {isa = PBXFileReference; lastKnownFileType = sourcecode.c.h; path = ftTemperatureField.h; sourceTree = "<group>"; };
		C69B09E419463AD400E4ADBF /* ftTemperatureFieldShader.h */ = {isa = PBXFileReference; lastKnownFileType = sourcecode.c.h; path = ftTemperatureFieldShader.h; sourceTree = "<group>"; };
		C69B09E519463AD400E4ADBF /* ftVelocityField.h */ = {isa = PBXFileReference; lastKnownFileType = sourcecode.c.h; path = ftVelocityField.h; sourceTree = "<group>"; };
		C69B09E619463AD400E4ADBF /* ftVelocityFieldShader.h */ = {isa = PBXFileReference; lastKnownFileType = sourcecode.c.h; path = ftVelocityFieldShader.h; sourceTree = "<group>"; };
		C69B0A0F1946710200E4ADBF /* flowToolsApp.h */ = {isa = PBXFileReference; lastKnownFileType = sourcecode.c.h; path = flowToolsApp.h; sourceTree = "<group>"; };
		C69B0A101946719600E4ADBF /* flowToolsApp.cpp */ = {isa = PBXFileReference; fileEncoding = 4; lastKnownFileType = sourcecode.cpp.cpp; path = flowToolsApp.cpp; sourceTree = "<group>"; };
		C69B0A14194671CF00E4ADBF /* ofxBaseGui.cpp */ = {isa = PBXFileReference; lastKnownFileType = sourcecode.cpp.cpp; path = ofxBaseGui.cpp; sourceTree = "<group>"; };
		C69B0A15194671CF00E4ADBF /* ofxBaseGui.h */ = {isa = PBXFileReference; lastKnownFileType = sourcecode.c.h; path = ofxBaseGui.h; sourceTree = "<group>"; };
		C69B0A16194671CF00E4ADBF /* ofxButton.cpp */ = {isa = PBXFileReference; lastKnownFileType = sourcecode.cpp.cpp; path = ofxButton.cpp; sourceTree = "<group>"; };
		C69B0A17194671CF00E4ADBF /* ofxButton.h */ = {isa = PBXFileReference; lastKnownFileType = sourcecode.c.h; path = ofxButton.h; sourceTree = "<group>"; };
		C69B0A18194671CF00E4ADBF /* ofxGui.h */ = {isa = PBXFileReference; lastKnownFileType = sourcecode.c.h; path = ofxGui.h; sourceTree = "<group>"; };
		C69B0A19194671CF00E4ADBF /* ofxGuiGroup.cpp */ = {isa = PBXFileReference; lastKnownFileType = sourcecode.cpp.cpp; path = ofxGuiGroup.cpp; sourceTree = "<group>"; };
		C69B0A1A194671CF00E4ADBF /* ofxGuiGroup.h */ = {isa = PBXFileReference; lastKnownFileType = sourcecode.c.h; path = ofxGuiGroup.h; sourceTree = "<group>"; };
		C69B0A1B194671CF00E4ADBF /* ofxLabel.cpp */ = {isa = PBXFileReference; lastKnownFileType = sourcecode.cpp.cpp; path = ofxLabel.cpp; sourceTree = "<group>"; };
		C69B0A1C194671CF00E4ADBF /* ofxLabel.h */ = {isa = PBXFileReference; lastKnownFileType = sourcecode.c.h; path = ofxLabel.h; sourceTree = "<group>"; };
		C69B0A1D194671CF00E4ADBF /* ofxPanel.cpp */ = {isa = PBXFileReference; lastKnownFileType = sourcecode.cpp.cpp; path = ofxPanel.cpp; sourceTree = "<group>"; };
		C69B0A1E194671CF00E4ADBF /* ofxPanel.h */ = {isa = PBXFileReference; lastKnownFileType = sourcecode.c.h; path = ofxPanel.h; sourceTree = "<group>"; };
		C69B0A1F194671CF00E4ADBF /* ofxSlider.cpp */ = {isa = PBXFileReference; lastKnownFileType = sourcecode.cpp.cpp; path = ofxSlider.cpp; sourceTree = "<group>"; };
		C69B0A20194671CF00E4ADBF /* ofxSlider.h */ = {isa = PBXFileReference; lastKnownFileType = sourcecode.c.h; path = ofxSlider.h; sourceTree = "<group>"; };
		C69B0A21194671CF00E4ADBF /* ofxSliderGroup.cpp */ = {isa = PBXFileReference; lastKnownFileType = sourcecode.cpp.cpp; path = ofxSliderGroup.cpp; sourceTree = "<group>"; };
		C69B0A22194671CF00E4ADBF /* ofxSliderGroup.h */ = {isa = PBXFileReference; lastKnownFileType = sourcecode.c.h; path = ofxSliderGroup.h; sourceTree = "<group>"; };
		C69B0A23194671CF00E4ADBF /* ofxToggle.cpp */ = {isa = PBXFileReference; lastKnownFileType = sourcecode.cpp.cpp; path = ofxToggle.cpp; sourceTree = "<group>"; };
		C69B0A24194671CF00E4ADBF /* ofxToggle.h */ = {isa = PBXFileReference; lastKnownFileType = sourcecode.c.h; path = ofxToggle.h; sourceTree = "<group>"; };
		E4328143138ABC890047C5CB /* openFrameworksLib.xcodeproj */ = {isa = PBXFileReference; lastKnownFileType = "wrapper.pb-project"; name = openFrameworksLib.xcodeproj; path = ../../../libs/openFrameworksCompiled/project/osx/openFrameworksLib.xcodeproj; sourceTree = SOURCE_ROOT; };
		E45BE9710E8CC7DD009D7055 /* AGL.framework */ = {isa = PBXFileReference; lastKnownFileType = wrapper.framework; name = AGL.framework; path = /System/Library/Frameworks/AGL.framework; sourceTree = "<absolute>"; };
		E45BE9720E8CC7DD009D7055 /* ApplicationServices.framework */ = {isa = PBXFileReference; lastKnownFileType = wrapper.framework; name = ApplicationServices.framework; path = /System/Library/Frameworks/ApplicationServices.framework; sourceTree = "<absolute>"; };
		E45BE9730E8CC7DD009D7055 /* AudioToolbox.framework */ = {isa = PBXFileReference; lastKnownFileType = wrapper.framework; name = AudioToolbox.framework; path = /System/Library/Frameworks/AudioToolbox.framework; sourceTree = "<absolute>"; };
		E45BE9740E8CC7DD009D7055 /* Carbon.framework */ = {isa = PBXFileReference; lastKnownFileType = wrapper.framework; name = Carbon.framework; path = /System/Library/Frameworks/Carbon.framework; sourceTree = "<absolute>"; };
		E45BE9750E8CC7DD009D7055 /* CoreAudio.framework */ = {isa = PBXFileReference; lastKnownFileType = wrapper.framework; name = CoreAudio.framework; path = /System/Library/Frameworks/CoreAudio.framework; sourceTree = "<absolute>"; };
		E45BE9760E8CC7DD009D7055 /* CoreFoundation.framework */ = {isa = PBXFileReference; lastKnownFileType = wrapper.framework; name = CoreFoundation.framework; path = /System/Library/Frameworks/CoreFoundation.framework; sourceTree = "<absolute>"; };
		E45BE9770E8CC7DD009D7055 /* CoreServices.framework */ = {isa = PBXFileReference; lastKnownFileType = wrapper.framework; name = CoreServices.framework; path = /System/Library/Frameworks/CoreServices.framework; sourceTree = "<absolute>"; };
		E45BE9790E8CC7DD009D7055 /* OpenGL.framework */ = {isa = PBXFileReference; lastKnownFileType = wrapper.framework; name = OpenGL.framework; path = /System/Library/Frameworks/OpenGL.framework; sourceTree = "<absolute>"; };
		E45BE97A0E8CC7DD009D7055 /* QuickTime.framework */ = {isa = PBXFileReference; lastKnownFileType = wrapper.framework; name = QuickTime.framework; path = /System/Library/Frameworks/QuickTime.framework; sourceTree = "<absolute>"; };
		E4B69B5B0A3A1756003C02F2 /* exampleDebug.app */ = {isa = PBXFileReference; explicitFileType = wrapper.application; includeInIndex = 0; path = exampleDebug.app; sourceTree = BUILT_PRODUCTS_DIR; };
		E4B69E1D0A3A1BDC003C02F2 /* main.cpp */ = {isa = PBXFileReference; fileEncoding = 30; lastKnownFileType = sourcecode.cpp.cpp; name = main.cpp; path = src/main.cpp; sourceTree = SOURCE_ROOT; };
		E4B69E1E0A3A1BDC003C02F2 /* testApp.cpp */ = {isa = PBXFileReference; explicitFileType = sourcecode.cpp.cpp; fileEncoding = 30; name = testApp.cpp; path = src/testApp.cpp; sourceTree = SOURCE_ROOT; };
		E4B69E1F0A3A1BDC003C02F2 /* testApp.h */ = {isa = PBXFileReference; fileEncoding = 30; lastKnownFileType = sourcecode.c.h; name = testApp.h; path = src/testApp.h; sourceTree = SOURCE_ROOT; };
		E4B6FCAD0C3E899E008CF71C /* openFrameworks-Info.plist */ = {isa = PBXFileReference; fileEncoding = 30; lastKnownFileType = text.plist.xml; path = "openFrameworks-Info.plist"; sourceTree = "<group>"; };
		E4C2424410CC5A17004149E2 /* AppKit.framework */ = {isa = PBXFileReference; lastKnownFileType = wrapper.framework; name = AppKit.framework; path = /System/Library/Frameworks/AppKit.framework; sourceTree = "<absolute>"; };
		E4C2424510CC5A17004149E2 /* Cocoa.framework */ = {isa = PBXFileReference; lastKnownFileType = wrapper.framework; name = Cocoa.framework; path = /System/Library/Frameworks/Cocoa.framework; sourceTree = "<absolute>"; };
		E4C2424610CC5A17004149E2 /* IOKit.framework */ = {isa = PBXFileReference; lastKnownFileType = wrapper.framework; name = IOKit.framework; path = /System/Library/Frameworks/IOKit.framework; sourceTree = "<absolute>"; };
		E4EB691F138AFCF100A09F29 /* CoreOF.xcconfig */ = {isa = PBXFileReference; fileEncoding = 4; lastKnownFileType = text.xcconfig; name = CoreOF.xcconfig; path = ../../../libs/openFrameworksCompiled/project/osx/CoreOF.xcconfig; sourceTree = SOURCE_ROOT; };
		E4EB6923138AFD0F00A09F29 /* Project.xcconfig */ = {isa = PBXFileReference; fileEncoding = 4; lastKnownFileType = text.xcconfig; path = Project.xcconfig; sourceTree = "<group>"; };
		E7E077E415D3B63C0020DFD4 /* CoreVideo.framework */ = {isa = PBXFileReference; lastKnownFileType = wrapper.framework; name = CoreVideo.framework; path = /System/Library/Frameworks/CoreVideo.framework; sourceTree = "<absolute>"; };
		E7E077E715D3B6510020DFD4 /* QTKit.framework */ = {isa = PBXFileReference; lastKnownFileType = wrapper.framework; name = QTKit.framework; path = /System/Library/Frameworks/QTKit.framework; sourceTree = "<absolute>"; };
		E7F985F515E0DE99003869B5 /* Accelerate.framework */ = {isa = PBXFileReference; lastKnownFileType = wrapper.framework; name = Accelerate.framework; path = /System/Library/Frameworks/Accelerate.framework; sourceTree = "<absolute>"; };
		f023988bfe9b8d4b44299a5e8f60ef3a /* GpuParticles.cpp */ = {isa = PBXFileReference; explicitFileType = sourcecode.cpp.cpp; fileEncoding = 30; name = GpuParticles.cpp; path = ../../../addons/ofxGpuParticles/src/GpuParticles.cpp; sourceTree = SOURCE_ROOT; };
/* End PBXFileReference section */

/* Begin PBXFrameworksBuildPhase section */
		E4B69B590A3A1756003C02F2 /* Frameworks */ = {
			isa = PBXFrameworksBuildPhase;
			buildActionMask = 2147483647;
			files = (
				E7F985F815E0DEA3003869B5 /* Accelerate.framework in Frameworks */,
				E7E077E815D3B6510020DFD4 /* QTKit.framework in Frameworks */,
				E4EB6799138ADC1D00A09F29 /* GLUT.framework in Frameworks */,
				E4328149138ABC9F0047C5CB /* openFrameworksDebug.a in Frameworks */,
				E45BE97B0E8CC7DD009D7055 /* AGL.framework in Frameworks */,
				E45BE97C0E8CC7DD009D7055 /* ApplicationServices.framework in Frameworks */,
				E45BE97D0E8CC7DD009D7055 /* AudioToolbox.framework in Frameworks */,
				E45BE97E0E8CC7DD009D7055 /* Carbon.framework in Frameworks */,
				E45BE97F0E8CC7DD009D7055 /* CoreAudio.framework in Frameworks */,
				E45BE9800E8CC7DD009D7055 /* CoreFoundation.framework in Frameworks */,
				E45BE9810E8CC7DD009D7055 /* CoreServices.framework in Frameworks */,
				E45BE9830E8CC7DD009D7055 /* OpenGL.framework in Frameworks */,
				E45BE9840E8CC7DD009D7055 /* QuickTime.framework in Frameworks */,
				E4C2424710CC5A17004149E2 /* AppKit.framework in Frameworks */,
				E4C2424810CC5A17004149E2 /* Cocoa.framework in Frameworks */,
				E4C2424910CC5A17004149E2 /* IOKit.framework in Frameworks */,
				E7E077E515D3B63C0020DFD4 /* CoreVideo.framework in Frameworks */,
			);
			runOnlyForDeploymentPostprocessing = 0;
		};
/* End PBXFrameworksBuildPhase section */

/* Begin PBXGroup section */
		8e0bd8273515037e0acd60bc53cb2115 /* src */ = {
			isa = PBXGroup;
			children = (
				f023988bfe9b8d4b44299a5e8f60ef3a /* GpuParticles.cpp */,
				0d69749dc16a63170fe23709463ce4f2 /* GpuParticles.h */,
				40562a1ac8141eeae8de9fd6b425271b /* ofxGpuParticles.h */,
			);
			name = src;
			sourceTree = "<group>";
		};
		BB4B014C10F69532006C3DED /* addons */ = {
			isa = PBXGroup;
			children = (
				C69B0A12194671CF00E4ADBF /* ofxGui */,
				C69B09AE19463AD400E4ADBF /* ofxFlowTools */,
				cf5521af7bc4b7ecca3f7ef2af626913 /* ofxGpuParticles */,
			);
			name = addons;
			sourceTree = "<group>";
		};
		BBAB23C913894ECA00AA2426 /* system frameworks */ = {
			isa = PBXGroup;
			children = (
				E7F985F515E0DE99003869B5 /* Accelerate.framework */,
				E4C2424410CC5A17004149E2 /* AppKit.framework */,
				E4C2424510CC5A17004149E2 /* Cocoa.framework */,
				E4C2424610CC5A17004149E2 /* IOKit.framework */,
				E45BE9710E8CC7DD009D7055 /* AGL.framework */,
				E45BE9720E8CC7DD009D7055 /* ApplicationServices.framework */,
				E45BE9730E8CC7DD009D7055 /* AudioToolbox.framework */,
				E45BE9740E8CC7DD009D7055 /* Carbon.framework */,
				E45BE9750E8CC7DD009D7055 /* CoreAudio.framework */,
				E45BE9760E8CC7DD009D7055 /* CoreFoundation.framework */,
				E45BE9770E8CC7DD009D7055 /* CoreServices.framework */,
				E45BE9790E8CC7DD009D7055 /* OpenGL.framework */,
				E45BE97A0E8CC7DD009D7055 /* QuickTime.framework */,
				E7E077E415D3B63C0020DFD4 /* CoreVideo.framework */,
				E7E077E715D3B6510020DFD4 /* QTKit.framework */,
			);
			name = "system frameworks";
			sourceTree = "<group>";
		};
		BBAB23CA13894EDB00AA2426 /* 3rd party frameworks */ = {
			isa = PBXGroup;
			children = (
				BBAB23BE13894E4700AA2426 /* GLUT.framework */,
			);
			name = "3rd party frameworks";
			sourceTree = "<group>";
		};
		C69B09AE19463AD400E4ADBF /* ofxFlowTools */ = {
			isa = PBXGroup;
			children = (
				C69B09AF19463AD400E4ADBF /* src */,
			);
			name = ofxFlowTools;
			sourceTree = "<group>";
		};
		C69B09AF19463AD400E4ADBF /* src */ = {
			isa = PBXGroup;
			children = (
				C69B09B019463AD400E4ADBF /* drawforces */,
				C69B09B419463AD400E4ADBF /* filters */,
				C69B09BB19463AD400E4ADBF /* fluid */,
				C69B09C619463AD400E4ADBF /* ftFbo.h */,
				C69B09C719463AD400E4ADBF /* ftShader.h */,
				C69B09C819463AD400E4ADBF /* ftSwapBuffer.h */,
				C69B09C919463AD400E4ADBF /* mask */,
				C69B09CD19463AD400E4ADBF /* ofxFlowTools.h */,
				C69B09CE19463AD400E4ADBF /* opticalflow */,
				C69B09D219463AD400E4ADBF /* particles */,
				C69B09D919463AD400E4ADBF /* tools */,
				C69B09E019463AD400E4ADBF /* visualisation */,
			);
			name = src;
			path = ../../../addons/ofxFlowTools/src;
			sourceTree = "<group>";
		};
		C69B09B019463AD400E4ADBF /* drawforces */ = {
			isa = PBXGroup;
			children = (
				C69B09B119463AD400E4ADBF /* ftDrawForce.cpp */,
				C69B09B219463AD400E4ADBF /* ftDrawForce.h */,
				C69B09B319463AD400E4ADBF /* ftDrawForceShader.h */,
			);
			path = drawforces;
			sourceTree = "<group>";
		};
		C69B09B419463AD400E4ADBF /* filters */ = {
			isa = PBXGroup;
			children = (
				C69B09B519463AD400E4ADBF /* ftContrastShader.h */,
				C69B09B619463AD400E4ADBF /* ftEOGShader.h */,
				C69B09B719463AD400E4ADBF /* ftGaussianBlurShader.h */,
				C69B09B819463AD400E4ADBF /* ftHSLShader.h */,
				C69B09B919463AD400E4ADBF /* ftLuminanceShader.h */,
				C69B09BA19463AD400E4ADBF /* ftTimeBlurShader.h */,
			);
			path = filters;
			sourceTree = "<group>";
		};
		C69B09BB19463AD400E4ADBF /* fluid */ = {
			isa = PBXGroup;
			children = (
				C69B09BC19463AD400E4ADBF /* ftAdvectShader.h */,
				C69B09BD19463AD400E4ADBF /* ftDiffuseShader.h */,
				C69B09BE19463AD400E4ADBF /* ftDivergenceShader.h */,
				C69B09BF19463AD400E4ADBF /* ftFluidSimulation.cpp */,
				C69B09C019463AD400E4ADBF /* ftFluidSimulation.h */,
				C69B09C119463AD400E4ADBF /* ftJacobiShader.h */,
				C69B09C219463AD400E4ADBF /* ftSmokeBuoyancyShader.h */,
				C69B09C319463AD400E4ADBF /* ftSubstractGradientShader.h */,
				C69B09C419463AD400E4ADBF /* ftVorticityFirstPassShader.h */,
				C69B09C519463AD400E4ADBF /* ftVorticitySecondPassShader.h */,
			);
			path = fluid;
			sourceTree = "<group>";
		};
		C69B09C919463AD400E4ADBF /* mask */ = {
			isa = PBXGroup;
			children = (
				C69B09CA19463AD400E4ADBF /* ftVelocityMask.cpp */,
				C69B09CB19463AD400E4ADBF /* ftVelocityMask.h */,
				C69B09CC19463AD400E4ADBF /* ftVelocityMaskShader.h */,
			);
			path = mask;
			sourceTree = "<group>";
		};
		C69B09CE19463AD400E4ADBF /* opticalflow */ = {
			isa = PBXGroup;
			children = (
				C69B09CF19463AD400E4ADBF /* ftOpticalFlow.cpp */,
				C69B09D019463AD400E4ADBF /* ftOpticalFlow.h */,
				C69B09D119463AD400E4ADBF /* ftOpticalFlowShader.h */,
			);
			path = opticalflow;
			sourceTree = "<group>";
		};
		C69B09D219463AD400E4ADBF /* particles */ = {
			isa = PBXGroup;
			children = (
				C69B09D319463AD400E4ADBF /* ftAgeLifespanMassSizeParticleShader.h */,
				C69B09D419463AD400E4ADBF /* ftDrawParticleShader.h */,
				C69B09D519463AD400E4ADBF /* ftInitPositionShader.h */,
				C69B09D619463AD400E4ADBF /* ftMoveParticleShader.h */,
				C69B09D719463AD400E4ADBF /* ftParticleFlow.cpp */,
				C69B09D819463AD400E4ADBF /* ftParticleFlow.h */,
			);
			path = particles;
			sourceTree = "<group>";
		};
		C69B09D919463AD400E4ADBF /* tools */ = {
			isa = PBXGroup;
			children = (
				C69B09DA19463AD400E4ADBF /* ftAddForceShader.h */,
				C69B09DB19463AD400E4ADBF /* ftClampLengthShader.h */,
				C69B09DC19463AD400E4ADBF /* ftDensityFloatMultiplier.h */,
				C69B09DD19463AD400E4ADBF /* ftDensityVec2Multiplier.h */,
				C69B09DE19463AD400E4ADBF /* ftToScalar.h */,
				C69B09DF19463AD400E4ADBF /* ftToScalarShader.h */,
			);
			path = tools;
			sourceTree = "<group>";
		};
		C69B09E019463AD400E4ADBF /* visualisation */ = {
			isa = PBXGroup;
			children = (
				C69B09E119463AD400E4ADBF /* ftDisplayScalar.h */,
				C69B09E219463AD400E4ADBF /* ftDisplayScalarShader.h */,
				C69B09E319463AD400E4ADBF /* ftTemperatureField.h */,
				C69B09E419463AD400E4ADBF /* ftTemperatureFieldShader.h */,
				C69B09E519463AD400E4ADBF /* ftVelocityField.h */,
				C69B09E619463AD400E4ADBF /* ftVelocityFieldShader.h */,
			);
			path = visualisation;
			sourceTree = "<group>";
		};
		C69B0A12194671CF00E4ADBF /* ofxGui */ = {
			isa = PBXGroup;
			children = (
				C69B0A13194671CF00E4ADBF /* src */,
			);
			name = ofxGui;
			sourceTree = "<group>";
		};
		C69B0A13194671CF00E4ADBF /* src */ = {
			isa = PBXGroup;
			children = (
				C69B0A14194671CF00E4ADBF /* ofxBaseGui.cpp */,
				C69B0A15194671CF00E4ADBF /* ofxBaseGui.h */,
				C69B0A16194671CF00E4ADBF /* ofxButton.cpp */,
				C69B0A17194671CF00E4ADBF /* ofxButton.h */,
				C69B0A18194671CF00E4ADBF /* ofxGui.h */,
				C69B0A19194671CF00E4ADBF /* ofxGuiGroup.cpp */,
				C69B0A1A194671CF00E4ADBF /* ofxGuiGroup.h */,
				C69B0A1B194671CF00E4ADBF /* ofxLabel.cpp */,
				C69B0A1C194671CF00E4ADBF /* ofxLabel.h */,
				C69B0A1D194671CF00E4ADBF /* ofxPanel.cpp */,
				C69B0A1E194671CF00E4ADBF /* ofxPanel.h */,
				C69B0A1F194671CF00E4ADBF /* ofxSlider.cpp */,
				C69B0A20194671CF00E4ADBF /* ofxSlider.h */,
				C69B0A21194671CF00E4ADBF /* ofxSliderGroup.cpp */,
				C69B0A22194671CF00E4ADBF /* ofxSliderGroup.h */,
				C69B0A23194671CF00E4ADBF /* ofxToggle.cpp */,
				C69B0A24194671CF00E4ADBF /* ofxToggle.h */,
			);
			name = src;
			path = ../../../addons/ofxGui/src;
			sourceTree = "<group>";
		};
		E4328144138ABC890047C5CB /* Products */ = {
			isa = PBXGroup;
			children = (
				E4328148138ABC890047C5CB /* openFrameworksDebug.a */,
			);
			name = Products;
			sourceTree = "<group>";
		};
		E45BE5980E8CC70C009D7055 /* frameworks */ = {
			isa = PBXGroup;
			children = (
				BBAB23CA13894EDB00AA2426 /* 3rd party frameworks */,
				BBAB23C913894ECA00AA2426 /* system frameworks */,
			);
			name = frameworks;
			sourceTree = "<group>";
		};
		E4B69B4A0A3A1720003C02F2 = {
			isa = PBXGroup;
			children = (
				C69B0A0F1946710200E4ADBF /* flowToolsApp.h */,
				C69B0A101946719600E4ADBF /* flowToolsApp.cpp */,
				E4B6FCAD0C3E899E008CF71C /* openFrameworks-Info.plist */,
				E4EB6923138AFD0F00A09F29 /* Project.xcconfig */,
				E4B69E1C0A3A1BDC003C02F2 /* src */,
				E4EEC9E9138DF44700A80321 /* openFrameworks */,
				BB4B014C10F69532006C3DED /* addons */,
				E45BE5980E8CC70C009D7055 /* frameworks */,
				E4B69B5B0A3A1756003C02F2 /* exampleDebug.app */,
			);
			sourceTree = "<group>";
		};
		E4B69E1C0A3A1BDC003C02F2 /* src */ = {
			isa = PBXGroup;
			children = (
				2838C368187AFCEC0071BD66 /* draw.frag */,
				2838C369187AFCEC0071BD66 /* draw.vert */,
				2838C36A187AFCEC0071BD66 /* update.frag */,
				2838C36B187AFCEC0071BD66 /* update.vert */,
				E4B69E1D0A3A1BDC003C02F2 /* main.cpp */,
				E4B69E1E0A3A1BDC003C02F2 /* testApp.cpp */,
				E4B69E1F0A3A1BDC003C02F2 /* testApp.h */,
			);
			path = src;
			sourceTree = SOURCE_ROOT;
		};
		E4EEC9E9138DF44700A80321 /* openFrameworks */ = {
			isa = PBXGroup;
			children = (
				E4EB691F138AFCF100A09F29 /* CoreOF.xcconfig */,
				E4328143138ABC890047C5CB /* openFrameworksLib.xcodeproj */,
			);
			name = openFrameworks;
			sourceTree = "<group>";
		};
		cf5521af7bc4b7ecca3f7ef2af626913 /* ofxGpuParticles */ = {
			isa = PBXGroup;
			children = (
				8e0bd8273515037e0acd60bc53cb2115 /* src */,
			);
			name = ofxGpuParticles;
			sourceTree = "<group>";
		};
/* End PBXGroup section */

/* Begin PBXNativeTarget section */
		E4B69B5A0A3A1756003C02F2 /* example */ = {
			isa = PBXNativeTarget;
			buildConfigurationList = E4B69B5F0A3A1757003C02F2 /* Build configuration list for PBXNativeTarget "example" */;
			buildPhases = (
				E4B69B580A3A1756003C02F2 /* Sources */,
				E4B69B590A3A1756003C02F2 /* Frameworks */,
				E4B6FFFD0C3F9AB9008CF71C /* ShellScript */,
				E4C2427710CC5ABF004149E2 /* CopyFiles */,
			);
			buildRules = (
			);
			dependencies = (
				E4EEB9AC138B136A00A80321 /* PBXTargetDependency */,
			);
			name = example;
			productName = myOFApp;
			productReference = E4B69B5B0A3A1756003C02F2 /* exampleDebug.app */;
			productType = "com.apple.product-type.application";
		};
/* End PBXNativeTarget section */

/* Begin PBXProject section */
		E4B69B4C0A3A1720003C02F2 /* Project object */ = {
			isa = PBXProject;
			attributes = {
			};
			buildConfigurationList = E4B69B4D0A3A1720003C02F2 /* Build configuration list for PBXProject "BrocadeGpuParticles" */;
			compatibilityVersion = "Xcode 2.4";
			developmentRegion = English;
			hasScannedForEncodings = 0;
			knownRegions = (
				English,
				Japanese,
				French,
				German,
			);
			mainGroup = E4B69B4A0A3A1720003C02F2;
			productRefGroup = E4B69B4A0A3A1720003C02F2;
			projectDirPath = "";
			projectReferences = (
				{
					ProductGroup = E4328144138ABC890047C5CB /* Products */;
					ProjectRef = E4328143138ABC890047C5CB /* openFrameworksLib.xcodeproj */;
				},
			);
			projectRoot = "";
			targets = (
				E4B69B5A0A3A1756003C02F2 /* example */,
			);
		};
/* End PBXProject section */

/* Begin PBXReferenceProxy section */
		E4328148138ABC890047C5CB /* openFrameworksDebug.a */ = {
			isa = PBXReferenceProxy;
			fileType = archive.ar;
			path = openFrameworksDebug.a;
			remoteRef = E4328147138ABC890047C5CB /* PBXContainerItemProxy */;
			sourceTree = BUILT_PRODUCTS_DIR;
		};
/* End PBXReferenceProxy section */

/* Begin PBXShellScriptBuildPhase section */
		E4B6FFFD0C3F9AB9008CF71C /* ShellScript */ = {
			isa = PBXShellScriptBuildPhase;
			buildActionMask = 2147483647;
			files = (
			);
			inputPaths = (
			);
			outputPaths = (
			);
			runOnlyForDeploymentPostprocessing = 0;
			shellPath = /bin/sh;
			shellScript = "cp -f ../../../libs/fmodex/lib/osx/libfmodex.dylib \"$TARGET_BUILD_DIR/$PRODUCT_NAME.app/Contents/MacOS/libfmodex.dylib\"; install_name_tool -change ./libfmodex.dylib @executable_path/libfmodex.dylib \"$TARGET_BUILD_DIR/$PRODUCT_NAME.app/Contents/MacOS/$PRODUCT_NAME\";";
		};
/* End PBXShellScriptBuildPhase section */

/* Begin PBXSourcesBuildPhase section */
		E4B69B580A3A1756003C02F2 /* Sources */ = {
			isa = PBXSourcesBuildPhase;
			buildActionMask = 2147483647;
			files = (
				C69B0A2B194671CF00E4ADBF /* ofxSliderGroup.cpp in Sources */,
				C69B0A111946719600E4ADBF /* flowToolsApp.cpp in Sources */,
				C69B09E819463AD400E4ADBF /* ftFluidSimulation.cpp in Sources */,
				E4B69E200A3A1BDC003C02F2 /* main.cpp in Sources */,
				2838C36C187AFCEC0071BD66 /* draw.frag in Sources */,
				C69B0A26194671CF00E4ADBF /* ofxButton.cpp in Sources */,
				2838C36E187AFCEC0071BD66 /* update.frag in Sources */,
				C69B09EA19463AD400E4ADBF /* ftOpticalFlow.cpp in Sources */,
				C69B0A2C194671CF00E4ADBF /* ofxToggle.cpp in Sources */,
				C69B09EB19463AD400E4ADBF /* ftParticleFlow.cpp in Sources */,
				C69B0A29194671CF00E4ADBF /* ofxPanel.cpp in Sources */,
				E4B69E210A3A1BDC003C02F2 /* testApp.cpp in Sources */,
				2838C36F187AFCEC0071BD66 /* update.vert in Sources */,
				C69B09E919463AD400E4ADBF /* ftVelocityMask.cpp in Sources */,
				900ddedcfe3faf10c3318d7c9de2fdbe /* GpuParticles.cpp in Sources */,
				2838C36D187AFCEC0071BD66 /* draw.vert in Sources */,
				C69B0A28194671CF00E4ADBF /* ofxLabel.cpp in Sources */,
				C69B0A25194671CF00E4ADBF /* ofxBaseGui.cpp in Sources */,
				C69B09E719463AD400E4ADBF /* ftDrawForce.cpp in Sources */,
				C69B0A2A194671CF00E4ADBF /* ofxSlider.cpp in Sources */,
				C69B0A27194671CF00E4ADBF /* ofxGuiGroup.cpp in Sources */,
			);
			runOnlyForDeploymentPostprocessing = 0;
		};
/* End PBXSourcesBuildPhase section */

/* Begin PBXTargetDependency section */
		E4EEB9AC138B136A00A80321 /* PBXTargetDependency */ = {
			isa = PBXTargetDependency;
			name = openFrameworks;
			targetProxy = E4EEB9AB138B136A00A80321 /* PBXContainerItemProxy */;
		};
/* End PBXTargetDependency section */

/* Begin XCBuildConfiguration section */
		E4B69B4E0A3A1720003C02F2 /* Debug */ = {
			isa = XCBuildConfiguration;
			baseConfigurationReference = E4EB6923138AFD0F00A09F29 /* Project.xcconfig */;
			buildSettings = {
				ARCHS = "$(NATIVE_ARCH)";
				CONFIGURATION_BUILD_DIR = "$(SRCROOT)/bin/";
				COPY_PHASE_STRIP = NO;
				DEAD_CODE_STRIPPING = YES;
				GCC_AUTO_VECTORIZATION = YES;
				GCC_ENABLE_SSE3_EXTENSIONS = YES;
				GCC_ENABLE_SUPPLEMENTAL_SSE3_INSTRUCTIONS = YES;
				GCC_INLINES_ARE_PRIVATE_EXTERN = NO;
				GCC_OPTIMIZATION_LEVEL = 0;
				GCC_SYMBOLS_PRIVATE_EXTERN = NO;
				GCC_WARN_ABOUT_DEPRECATED_FUNCTIONS = YES;
				GCC_WARN_ABOUT_INVALID_OFFSETOF_MACRO = NO;
				GCC_WARN_ALLOW_INCOMPLETE_PROTOCOL = NO;
				GCC_WARN_UNINITIALIZED_AUTOS = NO;
				GCC_WARN_UNUSED_VALUE = NO;
				GCC_WARN_UNUSED_VARIABLE = NO;
				HEADER_SEARCH_PATHS = (
					"$(OF_CORE_HEADERS)",
					src,
					../../../addons/ofxGpuParticles/libs,
					../../../addons/ofxGpuParticles/src,
				);
				OTHER_CPLUSPLUSFLAGS = (
					"-D__MACOSX_CORE__",
					"-lpthread",
					"-mtune=native",
				);
				SDKROOT = macosx;
			};
			name = Debug;
		};
		E4B69B4F0A3A1720003C02F2 /* Release */ = {
			isa = XCBuildConfiguration;
			baseConfigurationReference = E4EB6923138AFD0F00A09F29 /* Project.xcconfig */;
			buildSettings = {
				ARCHS = "$(NATIVE_ARCH)";
				CONFIGURATION_BUILD_DIR = "$(SRCROOT)/bin/";
				COPY_PHASE_STRIP = YES;
				DEAD_CODE_STRIPPING = YES;
				GCC_AUTO_VECTORIZATION = YES;
				GCC_ENABLE_SSE3_EXTENSIONS = YES;
				GCC_ENABLE_SUPPLEMENTAL_SSE3_INSTRUCTIONS = YES;
				GCC_INLINES_ARE_PRIVATE_EXTERN = NO;
				GCC_OPTIMIZATION_LEVEL = 3;
				GCC_SYMBOLS_PRIVATE_EXTERN = NO;
				GCC_UNROLL_LOOPS = YES;
				GCC_WARN_ABOUT_DEPRECATED_FUNCTIONS = YES;
				GCC_WARN_ABOUT_INVALID_OFFSETOF_MACRO = NO;
				GCC_WARN_ALLOW_INCOMPLETE_PROTOCOL = NO;
				GCC_WARN_UNINITIALIZED_AUTOS = NO;
				GCC_WARN_UNUSED_VALUE = NO;
				GCC_WARN_UNUSED_VARIABLE = NO;
				HEADER_SEARCH_PATHS = (
					"$(OF_CORE_HEADERS)",
					src,
					../../../addons/ofxGpuParticles/libs,
					../../../addons/ofxGpuParticles/src,
				);
				OTHER_CPLUSPLUSFLAGS = (
					"-D__MACOSX_CORE__",
					"-lpthread",
					"-mtune=native",
				);
				SDKROOT = macosx;
			};
			name = Release;
		};
		E4B69B600A3A1757003C02F2 /* Debug */ = {
			isa = XCBuildConfiguration;
			buildSettings = {
				COPY_PHASE_STRIP = NO;
				FRAMEWORK_SEARCH_PATHS = (
					"$(inherited)",
					"$(FRAMEWORK_SEARCH_PATHS_QUOTED_FOR_TARGET_1)",
				);
				FRAMEWORK_SEARCH_PATHS_QUOTED_FOR_TARGET_1 = "\"$(SRCROOT)/../../../libs/glut/lib/osx\"";
				GCC_DYNAMIC_NO_PIC = NO;
				GCC_ENABLE_FIX_AND_CONTINUE = YES;
				GCC_GENERATE_DEBUGGING_SYMBOLS = YES;
				GCC_MODEL_TUNING = NONE;
				GCC_PRECOMPILE_PREFIX_HEADER = YES;
				GCC_PREFIX_HEADER = "$(SYSTEM_LIBRARY_DIR)/Frameworks/Carbon.framework/Headers/Carbon.h";
				INFOPLIST_FILE = "openFrameworks-Info.plist";
				INSTALL_PATH = "$(HOME)/Applications";
				LIBRARY_SEARCH_PATHS = (
					"$(inherited)",
					"$(LIBRARY_SEARCH_PATHS_QUOTED_FOR_TARGET_1)",
					"$(LIBRARY_SEARCH_PATHS_QUOTED_FOR_TARGET_2)",
					"$(LIBRARY_SEARCH_PATHS_QUOTED_FOR_TARGET_3)",
					"$(LIBRARY_SEARCH_PATHS_QUOTED_FOR_TARGET_4)",
					"$(LIBRARY_SEARCH_PATHS_QUOTED_FOR_TARGET_5)",
					"$(LIBRARY_SEARCH_PATHS_QUOTED_FOR_TARGET_6)",
					"$(LIBRARY_SEARCH_PATHS_QUOTED_FOR_TARGET_7)",
					"$(LIBRARY_SEARCH_PATHS_QUOTED_FOR_TARGET_8)",
					"$(LIBRARY_SEARCH_PATHS_QUOTED_FOR_TARGET_9)",
					"$(LIBRARY_SEARCH_PATHS_QUOTED_FOR_TARGET_10)",
					"$(LIBRARY_SEARCH_PATHS_QUOTED_FOR_TARGET_11)",
					"$(LIBRARY_SEARCH_PATHS_QUOTED_FOR_TARGET_12)",
					"$(LIBRARY_SEARCH_PATHS_QUOTED_FOR_TARGET_13)",
					"$(LIBRARY_SEARCH_PATHS_QUOTED_FOR_TARGET_14)",
					"$(LIBRARY_SEARCH_PATHS_QUOTED_FOR_TARGET_15)",
					"$(LIBRARY_SEARCH_PATHS_QUOTED_FOR_TARGET_2)",
					"$(LIBRARY_SEARCH_PATHS_QUOTED_FOR_TARGET_3)",
					"$(LIBRARY_SEARCH_PATHS_QUOTED_FOR_TARGET_7)",
					"$(LIBRARY_SEARCH_PATHS_QUOTED_FOR_TARGET_8)",
					"$(LIBRARY_SEARCH_PATHS_QUOTED_FOR_TARGET_9)",
					"$(LIBRARY_SEARCH_PATHS_QUOTED_FOR_TARGET_10)",
					"$(LIBRARY_SEARCH_PATHS_QUOTED_FOR_TARGET_11)",
					"$(LIBRARY_SEARCH_PATHS_QUOTED_FOR_TARGET_12)",
					"$(LIBRARY_SEARCH_PATHS_QUOTED_FOR_TARGET_13)",
					"$(LIBRARY_SEARCH_PATHS_QUOTED_FOR_TARGET_16)",
					"$(LIBRARY_SEARCH_PATHS_QUOTED_FOR_TARGET_17)",
					"$(LIBRARY_SEARCH_PATHS_QUOTED_FOR_TARGET_18)",
					"$(LIBRARY_SEARCH_PATHS_QUOTED_FOR_TARGET_19)",
					"$(LIBRARY_SEARCH_PATHS_QUOTED_FOR_TARGET_20)",
					"$(LIBRARY_SEARCH_PATHS_QUOTED_FOR_TARGET_21)",
					"$(LIBRARY_SEARCH_PATHS_QUOTED_FOR_TARGET_22)",
					"$(LIBRARY_SEARCH_PATHS_QUOTED_FOR_TARGET_23)",
					"$(LIBRARY_SEARCH_PATHS_QUOTED_FOR_TARGET_24)",
					"$(LIBRARY_SEARCH_PATHS_QUOTED_FOR_TARGET_25)",
					"$(LIBRARY_SEARCH_PATHS_QUOTED_FOR_TARGET_26)",
					"$(LIBRARY_SEARCH_PATHS_QUOTED_FOR_TARGET_27)",
					"$(LIBRARY_SEARCH_PATHS_QUOTED_FOR_TARGET_28)",
					"$(LIBRARY_SEARCH_PATHS_QUOTED_FOR_TARGET_29)",
					"$(LIBRARY_SEARCH_PATHS_QUOTED_FOR_TARGET_30)",
					"$(LIBRARY_SEARCH_PATHS_QUOTED_FOR_TARGET_31)",
					"$(LIBRARY_SEARCH_PATHS_QUOTED_FOR_TARGET_32)",
					"$(LIBRARY_SEARCH_PATHS_QUOTED_FOR_TARGET_33)",
					"$(LIBRARY_SEARCH_PATHS_QUOTED_FOR_TARGET_34)",
					"$(LIBRARY_SEARCH_PATHS_QUOTED_FOR_TARGET_35)",
					"$(LIBRARY_SEARCH_PATHS_QUOTED_FOR_TARGET_36)",
					"$(LIBRARY_SEARCH_PATHS_QUOTED_FOR_TARGET_37)",
					"$(LIBRARY_SEARCH_PATHS_QUOTED_FOR_TARGET_38)",
					"$(LIBRARY_SEARCH_PATHS_QUOTED_FOR_TARGET_39)",
					"$(LIBRARY_SEARCH_PATHS_QUOTED_FOR_TARGET_40)",
					"$(LIBRARY_SEARCH_PATHS_QUOTED_FOR_TARGET_41)",
					"$(LIBRARY_SEARCH_PATHS_QUOTED_FOR_TARGET_42)",
					"$(LIBRARY_SEARCH_PATHS_QUOTED_FOR_TARGET_43)",
					"$(LIBRARY_SEARCH_PATHS_QUOTED_FOR_TARGET_44)",
					"$(LIBRARY_SEARCH_PATHS_QUOTED_FOR_TARGET_45)",
					"$(LIBRARY_SEARCH_PATHS_QUOTED_FOR_TARGET_46)",
					"$(LIBRARY_SEARCH_PATHS_QUOTED_FOR_TARGET_47)",
					"$(LIBRARY_SEARCH_PATHS_QUOTED_FOR_TARGET_48)",
					"$(LIBRARY_SEARCH_PATHS_QUOTED_FOR_TARGET_49)",
					"$(LIBRARY_SEARCH_PATHS_QUOTED_FOR_TARGET_50)",
					"$(LIBRARY_SEARCH_PATHS_QUOTED_FOR_TARGET_51)",
					"$(LIBRARY_SEARCH_PATHS_QUOTED_FOR_TARGET_52)",
				);
				MACOSX_DEPLOYMENT_TARGET = 10.7;
				PREBINDING = NO;
				PRODUCT_NAME = "$(TARGET_NAME)Debug";
				SDKROOT = macosx10.8;
				USER_HEADER_SEARCH_PATHS = "";
				WRAPPER_EXTENSION = app;
			};
			name = Debug;
		};
		E4B69B610A3A1757003C02F2 /* Release */ = {
			isa = XCBuildConfiguration;
			buildSettings = {
				COPY_PHASE_STRIP = YES;
				FRAMEWORK_SEARCH_PATHS = (
					"$(inherited)",
					"$(FRAMEWORK_SEARCH_PATHS_QUOTED_FOR_TARGET_1)",
				);
				FRAMEWORK_SEARCH_PATHS_QUOTED_FOR_TARGET_1 = "\"$(SRCROOT)/../../../libs/glut/lib/osx\"";
				GCC_ENABLE_FIX_AND_CONTINUE = NO;
				GCC_GENERATE_DEBUGGING_SYMBOLS = YES;
				GCC_MODEL_TUNING = NONE;
				GCC_PRECOMPILE_PREFIX_HEADER = YES;
				GCC_PREFIX_HEADER = "$(SYSTEM_LIBRARY_DIR)/Frameworks/Carbon.framework/Headers/Carbon.h";
				INFOPLIST_FILE = "openFrameworks-Info.plist";
				INSTALL_PATH = "$(HOME)/Applications";
				LIBRARY_SEARCH_PATHS = (
					"$(inherited)",
					"$(LIBRARY_SEARCH_PATHS_QUOTED_FOR_TARGET_1)",
					"$(LIBRARY_SEARCH_PATHS_QUOTED_FOR_TARGET_2)",
					"$(LIBRARY_SEARCH_PATHS_QUOTED_FOR_TARGET_3)",
					"$(LIBRARY_SEARCH_PATHS_QUOTED_FOR_TARGET_4)",
					"$(LIBRARY_SEARCH_PATHS_QUOTED_FOR_TARGET_5)",
					"$(LIBRARY_SEARCH_PATHS_QUOTED_FOR_TARGET_6)",
					"$(LIBRARY_SEARCH_PATHS_QUOTED_FOR_TARGET_7)",
					"$(LIBRARY_SEARCH_PATHS_QUOTED_FOR_TARGET_8)",
					"$(LIBRARY_SEARCH_PATHS_QUOTED_FOR_TARGET_9)",
					"$(LIBRARY_SEARCH_PATHS_QUOTED_FOR_TARGET_10)",
					"$(LIBRARY_SEARCH_PATHS_QUOTED_FOR_TARGET_11)",
					"$(LIBRARY_SEARCH_PATHS_QUOTED_FOR_TARGET_12)",
					"$(LIBRARY_SEARCH_PATHS_QUOTED_FOR_TARGET_13)",
					"$(LIBRARY_SEARCH_PATHS_QUOTED_FOR_TARGET_14)",
					"$(LIBRARY_SEARCH_PATHS_QUOTED_FOR_TARGET_15)",
					"$(LIBRARY_SEARCH_PATHS_QUOTED_FOR_TARGET_2)",
					"$(LIBRARY_SEARCH_PATHS_QUOTED_1)",
					"$(LIBRARY_SEARCH_PATHS_QUOTED_FOR_TARGET_3)",
					"$(LIBRARY_SEARCH_PATHS_QUOTED_FOR_TARGET_7)",
					"$(LIBRARY_SEARCH_PATHS_QUOTED_FOR_TARGET_8)",
					"$(LIBRARY_SEARCH_PATHS_QUOTED_FOR_TARGET_9)",
					"$(LIBRARY_SEARCH_PATHS_QUOTED_FOR_TARGET_10)",
					"$(LIBRARY_SEARCH_PATHS_QUOTED_FOR_TARGET_11)",
					"$(LIBRARY_SEARCH_PATHS_QUOTED_FOR_TARGET_12)",
					"$(LIBRARY_SEARCH_PATHS_QUOTED_FOR_TARGET_13)",
					"$(LIBRARY_SEARCH_PATHS_QUOTED_FOR_TARGET_16)",
					"$(LIBRARY_SEARCH_PATHS_QUOTED_FOR_TARGET_17)",
					"$(LIBRARY_SEARCH_PATHS_QUOTED_FOR_TARGET_18)",
					"$(LIBRARY_SEARCH_PATHS_QUOTED_FOR_TARGET_19)",
					"$(LIBRARY_SEARCH_PATHS_QUOTED_FOR_TARGET_20)",
					"$(LIBRARY_SEARCH_PATHS_QUOTED_FOR_TARGET_21)",
					"$(LIBRARY_SEARCH_PATHS_QUOTED_FOR_TARGET_22)",
					"$(LIBRARY_SEARCH_PATHS_QUOTED_FOR_TARGET_23)",
					"$(LIBRARY_SEARCH_PATHS_QUOTED_FOR_TARGET_24)",
					"$(LIBRARY_SEARCH_PATHS_QUOTED_FOR_TARGET_25)",
					"$(LIBRARY_SEARCH_PATHS_QUOTED_FOR_TARGET_26)",
					"$(LIBRARY_SEARCH_PATHS_QUOTED_FOR_TARGET_27)",
					"$(LIBRARY_SEARCH_PATHS_QUOTED_FOR_TARGET_28)",
					"$(LIBRARY_SEARCH_PATHS_QUOTED_FOR_TARGET_29)",
					"$(LIBRARY_SEARCH_PATHS_QUOTED_FOR_TARGET_30)",
					"$(LIBRARY_SEARCH_PATHS_QUOTED_FOR_TARGET_31)",
					"$(LIBRARY_SEARCH_PATHS_QUOTED_FOR_TARGET_32)",
					"$(LIBRARY_SEARCH_PATHS_QUOTED_FOR_TARGET_33)",
					"$(LIBRARY_SEARCH_PATHS_QUOTED_FOR_TARGET_34)",
					"$(LIBRARY_SEARCH_PATHS_QUOTED_FOR_TARGET_35)",
					"$(LIBRARY_SEARCH_PATHS_QUOTED_FOR_TARGET_36)",
					"$(LIBRARY_SEARCH_PATHS_QUOTED_FOR_TARGET_37)",
					"$(LIBRARY_SEARCH_PATHS_QUOTED_FOR_TARGET_38)",
					"$(LIBRARY_SEARCH_PATHS_QUOTED_FOR_TARGET_39)",
					"$(LIBRARY_SEARCH_PATHS_QUOTED_FOR_TARGET_40)",
					"$(LIBRARY_SEARCH_PATHS_QUOTED_FOR_TARGET_41)",
					"$(LIBRARY_SEARCH_PATHS_QUOTED_FOR_TARGET_42)",
					"$(LIBRARY_SEARCH_PATHS_QUOTED_FOR_TARGET_43)",
					"$(LIBRARY_SEARCH_PATHS_QUOTED_FOR_TARGET_44)",
					"$(LIBRARY_SEARCH_PATHS_QUOTED_FOR_TARGET_45)",
					"$(LIBRARY_SEARCH_PATHS_QUOTED_FOR_TARGET_46)",
					"$(LIBRARY_SEARCH_PATHS_QUOTED_FOR_TARGET_47)",
					"$(LIBRARY_SEARCH_PATHS_QUOTED_FOR_TARGET_48)",
					"$(LIBRARY_SEARCH_PATHS_QUOTED_FOR_TARGET_49)",
					"$(LIBRARY_SEARCH_PATHS_QUOTED_FOR_TARGET_50)",
					"$(LIBRARY_SEARCH_PATHS_QUOTED_FOR_TARGET_51)",
				);
				MACOSX_DEPLOYMENT_TARGET = 10.7;
				PREBINDING = NO;
				PRODUCT_NAME = "$(TARGET_NAME)";
				SDKROOT = macosx10.8;
				USER_HEADER_SEARCH_PATHS = "";
				WRAPPER_EXTENSION = app;
			};
			name = Release;
		};
/* End XCBuildConfiguration section */

/* Begin XCConfigurationList section */
		E4B69B4D0A3A1720003C02F2 /* Build configuration list for PBXProject "BrocadeGpuParticles" */ = {
			isa = XCConfigurationList;
			buildConfigurations = (
				E4B69B4E0A3A1720003C02F2 /* Debug */,
				E4B69B4F0A3A1720003C02F2 /* Release */,
			);
			defaultConfigurationIsVisible = 0;
			defaultConfigurationName = Release;
		};
		E4B69B5F0A3A1757003C02F2 /* Build configuration list for PBXNativeTarget "example" */ = {
			isa = XCConfigurationList;
			buildConfigurations = (
				E4B69B600A3A1757003C02F2 /* Debug */,
				E4B69B610A3A1757003C02F2 /* Release */,
			);
			defaultConfigurationIsVisible = 0;
			defaultConfigurationName = Release;
		};
/* End XCConfigurationList section */
	};
	rootObject = E4B69B4C0A3A1720003C02F2 /* Project object */;
}
